{
    "name": "circleci_demo_bazel",
    "version": "0.1.0",
    "lockfileVersion": 2,
    "requires": true,
    "packages": {
        "": {
            "name": "circleci_demo_bazel",
            "version": "0.1.0",
            "devDependencies": {
                "@bazel/bazelisk": "latest",
                "@bazel/buildifier": "latest",
                "@bazel/ibazel": "latest"
            }
        },
        "node_modules/@bazel/bazelisk": {
            "version": "0.0.0-PLACEHOLDER",
            "resolved": "https://registry.npmjs.org/@bazel/bazelisk/-/bazelisk-0.0.0-PLACEHOLDER.tgz",
            "integrity": "sha512-wzbgwPh2+wb8f07TqZs5E/QsRUxVZ51KWP+4dAJ67l7TSv2w9UJ4mZ3Hh+f62eDx3hB8WI3xEEm+NrmjQCujmg==",
            "dev": true,
            "bin": {
                "bazel": "bazelisk.js",
                "bazelisk": "bazelisk.js"
            }
        },
        "node_modules/@bazel/buildifier": {
            "version": "6.0.0",
            "resolved": "https://registry.npmjs.org/@bazel/buildifier/-/buildifier-6.0.0.tgz",
            "integrity": "sha512-QIhSDSscSfQB3ZJ0DFqWZ1R99TwgYO44NcCBL7PsfFtwRobsQ7YMka4p9mkbZi4HPin0/ImIt3yUOir8H64mIQ==",
            "dev": true,
            "bin": {
                "buildifier": "buildifier.js"
            }
        },
        "node_modules/@bazel/ibazel": {
            "version": "0.16.2",
            "resolved": "https://registry.npmjs.org/@bazel/ibazel/-/ibazel-0.16.2.tgz",
            "integrity": "sha512-KgqAWMH0emL6f3xH6nqyTryoBMqlJ627LBIe9PT1PRRQPz2FtHib3FIHJPukp1slzF3hJYZvdiVwgPnHbaSOOA==",
            "dev": true,
            "bin": {
                "ibazel": "index.js"
            }
        }
    },
    "dependencies": {
        "@bazel/bazelisk": {
            "version": "0.0.0-PLACEHOLDER",
            "resolved": "https://registry.npmjs.org/@bazel/bazelisk/-/bazelisk-0.0.0-PLACEHOLDER.tgz",
            "integrity": "sha512-wzbgwPh2+wb8f07TqZs5E/QsRUxVZ51KWP+4dAJ67l7TSv2w9UJ4mZ3Hh+f62eDx3hB8WI3xEEm+NrmjQCujmg==",
            "dev": true
        },
        "@bazel/buildifier": {
            "version": "6.0.0",
            "resolved": "https://registry.npmjs.org/@bazel/buildifier/-/buildifier-6.0.0.tgz",
            "integrity": "sha512-QIhSDSscSfQB3ZJ0DFqWZ1R99TwgYO44NcCBL7PsfFtwRobsQ7YMka4p9mkbZi4HPin0/ImIt3yUOir8H64mIQ==",
            "dev": true
        },
        "@bazel/ibazel": {
            "version": "0.16.2",
            "resolved": "https://registry.npmjs.org/@bazel/ibazel/-/ibazel-0.16.2.tgz",
            "integrity": "sha512-KgqAWMH0emL6f3xH6nqyTryoBMqlJ627LBIe9PT1PRRQPz2FtHib3FIHJPukp1slzF3hJYZvdiVwgPnHbaSOOA==",
            "dev": true
        }
    }
}
